
Microsoft Visual Studio Solution File, Format Version 12.00
# Visual Studio Version 17
VisualStudioVersion = 17.0.32014.148
MinimumVisualStudioVersion = 10.0.40219.1
Project("{FAE04EC0-301F-11D3-BF4B-00C04F79EFBC}") = "WebServer", "WebServer\WebServer.csproj", "{55E51FF4-E46E-4B79-8462-C62B668EC560}"
EndProject
Project("{FAE04EC0-301F-11D3-BF4B-00C04F79EFBC}") = "MyWebServer.Server", "MyWebServer.Server\MyWebServer.Server.csproj", "{40CA9DB8-5A21-400B-9024-7D4F956E069F}"
EndProject
Global
	GlobalSection(SolutionConfigurationPlatforms) = preSolution
		Debug|Any CPU = Debug|Any CPU
		Release|Any CPU = Release|Any CPU
	EndGlobalSection
	GlobalSection(ProjectConfigurationPlatforms) = postSolution
		{55E51FF4-E46E-4B79-8462-C62B668EC560}.Debug|Any CPU.ActiveCfg = Debug|Any CPU
		{55E51FF4-E46E-4B79-8462-C62B668EC560}.Debug|Any CPU.Build.0 = Debug|Any CPU
		{55E51FF4-E46E-4B79-8462-C62B668EC560}.Release|Any CPU.ActiveCfg = Release|Any CPU
		{55E51FF4-E46E-4B79-8462-C62B668EC560}.Release|Any CPU.Build.0 = Release|Any CPU
		{40CA9DB8-5A21-400B-9024-7D4F956E069F}.Debug|Any CPU.ActiveCfg = Debug|Any CPU
		{40CA9DB8-5A21-400B-9024-7D4F956E069F}.Debug|Any CPU.Build.0 = Debug|Any CPU
		{40CA9DB8-5A21-400B-9024-7D4F956E069F}.Release|Any CPU.ActiveCfg = Release|Any CPU
		{40CA9DB8-5A21-400B-9024-7D4F956E069F}.Release|Any CPU.Build.0 = Release|Any CPU
	EndGlobalSection
	GlobalSection(SolutionProperties) = preSolution
		HideSolutionNode = FALSE
	EndGlobalSection
	GlobalSection(ExtensibilityGlobals) = postSolution
		SolutionGuid = {407C8BFD-35BF-4871-A695-10D5D7EB9CE3}
	EndGlobalSection
EndGlobal
